
Microsoft Visual Studio Solution File, Format Version 12.00
# Visual Studio Version 16
VisualStudioVersion = 16.0.33529.622
MinimumVisualStudioVersion = 10.0.40219.1
Project("{9A19103F-16F7-4668-BE54-9A1E7A4F7556}") = "shopapp.webui", "shopapp.webui\shopapp.webui.csproj", "{D03DDBAF-01C3-4D83-939D-4077B58A9480}"
EndProject
Project("{9A19103F-16F7-4668-BE54-9A1E7A4F7556}") = "shopapp.data", "shopapp.data\shopapp.data.csproj", "{93EAE28D-A1B3-4CCC-AA39-4843AA80D4C4}"
EndProject
Project("{9A19103F-16F7-4668-BE54-9A1E7A4F7556}") = "shopapp.business", "shopapp.business\shopapp.business.csproj", "{1D2507D1-A38F-4A4F-A7D3-95FA5DA18526}"
EndProject
Project("{FAE04EC0-301F-11D3-BF4B-00C04F79EFBC}") = "shopapp.entity", "shopapp.entity\shopapp.entity.csproj", "{EB04504C-01F5-42F1-A7F1-776687CFE060}"
EndProject
Global
	GlobalSection(SolutionConfigurationPlatforms) = preSolution
		Debug|Any CPU = Debug|Any CPU
		Release|Any CPU = Release|Any CPU
	EndGlobalSection
	GlobalSection(ProjectConfigurationPlatforms) = postSolution
		{D03DDBAF-01C3-4D83-939D-4077B58A9480}.Debug|Any CPU.ActiveCfg = Debug|Any CPU
		{D03DDBAF-01C3-4D83-939D-4077B58A9480}.Debug|Any CPU.Build.0 = Debug|Any CPU
		{D03DDBAF-01C3-4D83-939D-4077B58A9480}.Release|Any CPU.ActiveCfg = Release|Any CPU
		{D03DDBAF-01C3-4D83-939D-4077B58A9480}.Release|Any CPU.Build.0 = Release|Any CPU
		{93EAE28D-A1B3-4CCC-AA39-4843AA80D4C4}.Debug|Any CPU.ActiveCfg = Debug|Any CPU
		{93EAE28D-A1B3-4CCC-AA39-4843AA80D4C4}.Debug|Any CPU.Build.0 = Debug|Any CPU
		{93EAE28D-A1B3-4CCC-AA39-4843AA80D4C4}.Release|Any CPU.ActiveCfg = Release|Any CPU
		{93EAE28D-A1B3-4CCC-AA39-4843AA80D4C4}.Release|Any CPU.Build.0 = Release|Any CPU
		{1D2507D1-A38F-4A4F-A7D3-95FA5DA18526}.Debug|Any CPU.ActiveCfg = Debug|Any CPU
		{1D2507D1-A38F-4A4F-A7D3-95FA5DA18526}.Debug|Any CPU.Build.0 = Debug|Any CPU
		{1D2507D1-A38F-4A4F-A7D3-95FA5DA18526}.Release|Any CPU.ActiveCfg = Release|Any CPU
		{1D2507D1-A38F-4A4F-A7D3-95FA5DA18526}.Release|Any CPU.Build.0 = Release|Any CPU
		{EB04504C-01F5-42F1-A7F1-776687CFE060}.Debug|Any CPU.ActiveCfg = Debug|Any CPU
		{EB04504C-01F5-42F1-A7F1-776687CFE060}.Debug|Any CPU.Build.0 = Debug|Any CPU
		{EB04504C-01F5-42F1-A7F1-776687CFE060}.Release|Any CPU.ActiveCfg = Release|Any CPU
		{EB04504C-01F5-42F1-A7F1-776687CFE060}.Release|Any CPU.Build.0 = Release|Any CPU
	EndGlobalSection
	GlobalSection(SolutionProperties) = preSolution
		HideSolutionNode = FALSE
	EndGlobalSection
	GlobalSection(ExtensibilityGlobals) = postSolution
		SolutionGuid = {36437488-4528-455D-8429-310D921A869C}
	EndGlobalSection
EndGlobal
